
Microsoft Visual Studio Solution File, Format Version 12.00
# Visual Studio Version 17
VisualStudioVersion = 17.10.35027.167
MinimumVisualStudioVersion = 10.0.40219.1
Project("{FAE04EC0-301F-11D3-BF4B-00C04F79EFBC}") = "Practica3Poe", "Practica3Poe.csproj", "{54741428-5CF0-4EA1-B039-A73DB959BD36}"
EndProject
Project("{FAE04EC0-301F-11D3-BF4B-00C04F79EFBC}") = "StudenSystemData", "..\StudenSystemData\StudenSystemData.csproj", "{9EE4C463-AD5D-4965-A0C4-4EA37D9F4639}"
EndProject
Global
	GlobalSection(SolutionConfigurationPlatforms) = preSolution
		Debug|Any CPU = Debug|Any CPU
		Release|Any CPU = Release|Any CPU
	EndGlobalSection
	GlobalSection(ProjectConfigurationPlatforms) = postSolution
		{54741428-5CF0-4EA1-B039-A73DB959BD36}.Debug|Any CPU.ActiveCfg = Debug|Any CPU
		{54741428-5CF0-4EA1-B039-A73DB959BD36}.Debug|Any CPU.Build.0 = Debug|Any CPU
		{54741428-5CF0-4EA1-B039-A73DB959BD36}.Release|Any CPU.ActiveCfg = Release|Any CPU
		{54741428-5CF0-4EA1-B039-A73DB959BD36}.Release|Any CPU.Build.0 = Release|Any CPU
		{9EE4C463-AD5D-4965-A0C4-4EA37D9F4639}.Debug|Any CPU.ActiveCfg = Debug|Any CPU
		{9EE4C463-AD5D-4965-A0C4-4EA37D9F4639}.Debug|Any CPU.Build.0 = Debug|Any CPU
		{9EE4C463-AD5D-4965-A0C4-4EA37D9F4639}.Release|Any CPU.ActiveCfg = Release|Any CPU
		{9EE4C463-AD5D-4965-A0C4-4EA37D9F4639}.Release|Any CPU.Build.0 = Release|Any CPU
	EndGlobalSection
	GlobalSection(SolutionProperties) = preSolution
		HideSolutionNode = FALSE
	EndGlobalSection
	GlobalSection(ExtensibilityGlobals) = postSolution
		SolutionGuid = {EE814AF6-732B-449A-A49D-5096C6D78F0A}
	EndGlobalSection
EndGlobal
